
Microsoft Visual Studio Solution File, Format Version 12.00
# Visual Studio 2017
Project("{FAE04EC0-301F-11D3-BF4B-00C04F79EFBC}") = "UnityChan jump", "UnityChan jump.csproj", "{F4E5DED2-F560-C4CE-1CB6-2DDB2DF1D674}"
EndProject
Global
	GlobalSection(SolutionConfigurationPlatforms) = preSolution
		Debug|Any CPU = Debug|Any CPU
		Release|Any CPU = Release|Any CPU
	EndGlobalSection
	GlobalSection(ProjectConfigurationPlatforms) = postSolution
		{F4E5DED2-F560-C4CE-1CB6-2DDB2DF1D674}.Debug|Any CPU.ActiveCfg = Debug|Any CPU
		{F4E5DED2-F560-C4CE-1CB6-2DDB2DF1D674}.Debug|Any CPU.Build.0 = Debug|Any CPU
		{F4E5DED2-F560-C4CE-1CB6-2DDB2DF1D674}.Release|Any CPU.ActiveCfg = Release|Any CPU
		{F4E5DED2-F560-C4CE-1CB6-2DDB2DF1D674}.Release|Any CPU.Build.0 = Release|Any CPU
	EndGlobalSection
	GlobalSection(SolutionProperties) = preSolution
		HideSolutionNode = FALSE
	EndGlobalSection
EndGlobal
